// !$*UTF8*$!
{
	archiveVersion = 1;
	classes = {
	};
	objectVersion = 46;
	objects = {

/* Begin PBXBuildFile section */
		247B97A11BB2865600BD1052 /* main.m in Sources */ = {isa = PBXBuildFile; fileRef = 247B97A01BB2865600BD1052 /* main.m */; };
		247B97A41BB2865600BD1052 /* AppDelegate.m in Sources */ = {isa = PBXBuildFile; fileRef = 247B97A31BB2865600BD1052 /* AppDelegate.m */; };
		247B97A61BB2865600BD1052 /* Images.xcassets in Resources */ = {isa = PBXBuildFile; fileRef = 247B97A51BB2865600BD1052 /* Images.xcassets */; };
		247B97A91BB2865600BD1052 /* LaunchScreen.xib in Resources */ = {isa = PBXBuildFile; fileRef = 247B97A71BB2865600BD1052 /* LaunchScreen.xib */; };
		247B97B51BB2865600BD1052 /* DoctorTests.m in Sources */ = {isa = PBXBuildFile; fileRef = 247B97B41BB2865600BD1052 /* DoctorTests.m */; };
/* End PBXBuildFile section */

/* Begin PBXContainerItemProxy section */
		247B97AF1BB2865600BD1052 /* PBXContainerItemProxy */ = {
			isa = PBXContainerItemProxy;
			containerPortal = 247B97931BB2865600BD1052 /* Project object */;
			proxyType = 1;
			remoteGlobalIDString = 247B979A1BB2865600BD1052;
			remoteInfo = Doctor;
		};
/* End PBXContainerItemProxy section */

/* Begin PBXFileReference section */
		247B979B1BB2865600BD1052 /* Doctor.app */ = {isa = PBXFileReference; explicitFileType = wrapper.application; includeInIndex = 0; path = Doctor.app; sourceTree = BUILT_PRODUCTS_DIR; };
		247B979F1BB2865600BD1052 /* Info.plist */ = {isa = PBXFileReference; lastKnownFileType = text.plist.xml; path = Info.plist; sourceTree = "<group>"; };
		247B97A01BB2865600BD1052 /* main.m */ = {isa = PBXFileReference; lastKnownFileType = sourcecode.c.objc; path = main.m; sourceTree = "<group>"; };
		247B97A21BB2865600BD1052 /* AppDelegate.h */ = {isa = PBXFileReference; lastKnownFileType = sourcecode.c.h; path = AppDelegate.h; sourceTree = "<group>"; };
		247B97A31BB2865600BD1052 /* AppDelegate.m */ = {isa = PBXFileReference; lastKnownFileType = sourcecode.c.objc; path = AppDelegate.m; sourceTree = "<group>"; };
		247B97A51BB2865600BD1052 /* Images.xcassets */ = {isa = PBXFileReference; lastKnownFileType = folder.assetcatalog; path = Images.xcassets; sourceTree = "<group>"; };
		247B97A81BB2865600BD1052 /* Base */ = {isa = PBXFileReference; lastKnownFileType = file.xib; name = Base; path = Base.lproj/LaunchScreen.xib; sourceTree = "<group>"; };
		247B97AE1BB2865600BD1052 /* DoctorTests.xctest */ = {isa = PBXFileReference; explicitFileType = wrapper.cfbundle; includeInIndex = 0; path = DoctorTests.xctest; sourceTree = BUILT_PRODUCTS_DIR; };
		247B97B31BB2865600BD1052 /* Info.plist */ = {isa = PBXFileReference; lastKnownFileType = text.plist.xml; path = Info.plist; sourceTree = "<group>"; };
		247B97B41BB2865600BD1052 /* DoctorTests.m */ = {isa = PBXFileReference; lastKnownFileType = sourcecode.c.objc; path = DoctorTests.m; sourceTree = "<group>"; };
/* End PBXFileReference section */

/* Begin PBXFrameworksBuildPhase section */
		247B97981BB2865600BD1052 /* Frameworks */ = {
			isa = PBXFrameworksBuildPhase;
			buildActionMask = 2147483647;
			files = (
			);
			runOnlyForDeploymentPostprocessing = 0;
		};
		247B97AB1BB2865600BD1052 /* Frameworks */ = {
			isa = PBXFrameworksBuildPhase;
			buildActionMask = 2147483647;
			files = (
			);
			runOnlyForDeploymentPostprocessing = 0;
		};
/* End PBXFrameworksBuildPhase section */

/* Begin PBXGroup section */
		247B97921BB2865600BD1052 = {
			isa = PBXGroup;
			children = (
				247B979D1BB2865600BD1052 /* Doctor */,
				247B97B11BB2865600BD1052 /* DoctorTests */,
				247B979C1BB2865600BD1052 /* Products */,
			);
			sourceTree = "<group>";
		};
		247B979C1BB2865600BD1052 /* Products */ = {
			isa = PBXGroup;
			children = (
				247B979B1BB2865600BD1052 /* Doctor.app */,
				247B97AE1BB2865600BD1052 /* DoctorTests.xctest */,
			);
			name = Products;
			sourceTree = "<group>";
		};
		247B979D1BB2865600BD1052 /* Doctor */ = {
			isa = PBXGroup;
			children = (
				247B97A21BB2865600BD1052 /* AppDelegate.h */,
				247B97A31BB2865600BD1052 /* AppDelegate.m */,
				247B97A51BB2865600BD1052 /* Images.xcassets */,
				247B97A71BB2865600BD1052 /* LaunchScreen.xib */,
				247B979E1BB2865600BD1052 /* Supporting Files */,
			);
			path = Doctor;
			sourceTree = "<group>";
		};
		247B979E1BB2865600BD1052 /* Supporting Files */ = {
			isa = PBXGroup;
			children = (
				247B979F1BB2865600BD1052 /* Info.plist */,
				247B97A01BB2865600BD1052 /* main.m */,
			);
			name = "Supporting Files";
			sourceTree = "<group>";
		};
		247B97B11BB2865600BD1052 /* DoctorTests */ = {
			isa = PBXGroup;
			children = (
				247B97B41BB2865600BD1052 /* DoctorTests.m */,
				247B97B21BB2865600BD1052 /* Supporting Files */,
			);
			path = DoctorTests;
			sourceTree = "<group>";
		};
		247B97B21BB2865600BD1052 /* Supporting Files */ = {
			isa = PBXGroup;
			children = (
				247B97B31BB2865600BD1052 /* Info.plist */,
			);
			name = "Supporting Files";
			sourceTree = "<group>";
		};
/* End PBXGroup section */

/* Begin PBXNativeTarget section */
		247B979A1BB2865600BD1052 /* Doctor */ = {
			isa = PBXNativeTarget;
			buildConfigurationList = 247B97B81BB2865600BD1052 /* Build configuration list for PBXNativeTarget "Doctor" */;
			buildPhases = (
				247B97971BB2865600BD1052 /* Sources */,
				247B97981BB2865600BD1052 /* Frameworks */,
				247B97991BB2865600BD1052 /* Resources */,
			);
			buildRules = (
			);
			dependencies = (
			);
			name = Doctor;
			productName = Doctor;
			productReference = 247B979B1BB2865600BD1052 /* Doctor.app */;
			productType = "com.apple.product-type.application";
		};
		247B97AD1BB2865600BD1052 /* DoctorTests */ = {
			isa = PBXNativeTarget;
			buildConfigurationList = 247B97BB1BB2865600BD1052 /* Build configuration list for PBXNativeTarget "DoctorTests" */;
			buildPhases = (
				247B97AA1BB2865600BD1052 /* Sources */,
				247B97AB1BB2865600BD1052 /* Frameworks */,
				247B97AC1BB2865600BD1052 /* Resources */,
			);
			buildRules = (
			);
			dependencies = (
				247B97B01BB2865600BD1052 /* PBXTargetDependency */,
			);
			name = DoctorTests;
			productName = DoctorTests;
			productReference = 247B97AE1BB2865600BD1052 /* DoctorTests.xctest */;
			productType = "com.apple.product-type.bundle.unit-test";
		};
/* End PBXNativeTarget section */

/* Begin PBXProject section */
		247B97931BB2865600BD1052 /* Project object */ = {
			isa = PBXProject;
			attributes = {
				LastUpgradeCheck = 0630;
				ORGANIZATIONNAME = "郭刚";
				TargetAttributes = {
					247B979A1BB2865600BD1052 = {
						CreatedOnToolsVersion = 6.3.1;
					};
					247B97AD1BB2865600BD1052 = {
						CreatedOnToolsVersion = 6.3.1;
						TestTargetID = 247B979A1BB2865600BD1052;
					};
				};
			};
			buildConfigurationList = 247B97961BB2865600BD1052 /* Build configuration list for PBXProject "Doctor" */;
			compatibilityVersion = "Xcode 3.2";
			developmentRegion = English;
			hasScannedForEncodings = 0;
			knownRegions = (
				en,
				Base,
			);
			mainGroup = 247B97921BB2865600BD1052;
			productRefGroup = 247B979C1BB2865600BD1052 /* Products */;
			projectDirPath = "";
			projectRoot = "";
			targets = (
				247B979A1BB2865600BD1052 /* Doctor */,
				247B97AD1BB2865600BD1052 /* DoctorTests */,
			);
		};
/* End PBXProject section */

/* Begin PBXResourcesBuildPhase section */
		247B97991BB2865600BD1052 /* Resources */ = {
			isa = PBXResourcesBuildPhase;
			buildActionMask = 2147483647;
			files = (
				247B97A91BB2865600BD1052 /* LaunchScreen.xib in Resources */,
				247B97A61BB2865600BD1052 /* Images.xcassets in Resources */,
			);
			runOnlyForDeploymentPostprocessing = 0;
		};
		247B97AC1BB2865600BD1052 /* Resources */ = {
			isa = PBXResourcesBuildPhase;
			buildActionMask = 2147483647;
			files = (
			);
			runOnlyForDeploymentPostprocessing = 0;
		};
/* End PBXResourcesBuildPhase section */

/* Begin PBXSourcesBuildPhase section */
		247B97971BB2865600BD1052 /* Sources */ = {
			isa = PBXSourcesBuildPhase;
			buildActionMask = 2147483647;
			files = (
				247B97A41BB2865600BD1052 /* AppDelegate.m in Sources */,
				247B97A11BB2865600BD1052 /* main.m in Sources */,
			);
			runOnlyForDeploymentPostprocessing = 0;
		};
		247B97AA1BB2865600BD1052 /* Sources */ = {
			isa = PBXSourcesBuildPhase;
			buildActionMask = 2147483647;
			files = (
				247B97B51BB2865600BD1052 /* DoctorTests.m in Sources */,
			);
			runOnlyForDeploymentPostprocessing = 0;
		};
/* End PBXSourcesBuildPhase section */

/* Begin PBXTargetDependency section */
		247B97B01BB2865600BD1052 /* PBXTargetDependency */ = {
			isa = PBXTargetDependency;
			target = 247B979A1BB2865600BD1052 /* Doctor */;
			targetProxy = 247B97AF1BB2865600BD1052 /* PBXContainerItemProxy */;
		};
/* End PBXTargetDependency section */

/* Begin PBXVariantGroup section */
		247B97A71BB2865600BD1052 /* LaunchScreen.xib */ = {
			isa = PBXVariantGroup;
			children = (
				247B97A81BB2865600BD1052 /* Base */,
			);
			name = LaunchScreen.xib;
			sourceTree = "<group>";
		};
/* End PBXVariantGroup section */

/* Begin XCBuildConfiguration section */
		247B97B61BB2865600BD1052 /* Debug */ = {
			isa = XCBuildConfiguration;
			buildSettings = {
				ALWAYS_SEARCH_USER_PATHS = NO;
				CLANG_CXX_LANGUAGE_STANDARD = "gnu++0x";
				CLANG_CXX_LIBRARY = "libc++";
				CLANG_ENABLE_MODULES = YES;
				CLANG_ENABLE_OBJC_ARC = YES;
				CLANG_WARN_BOOL_CONVERSION = YES;
				CLANG_WARN_CONSTANT_CONVERSION = YES;
				CLANG_WARN_DIRECT_OBJC_ISA_USAGE = YES_ERROR;
				CLANG_WARN_EMPTY_BODY = YES;
				CLANG_WARN_ENUM_CONVERSION = YES;
				CLANG_WARN_INT_CONVERSION = YES;
				CLANG_WARN_OBJC_ROOT_CLASS = YES_ERROR;
				CLANG_WARN_UNREACHABLE_CODE = YES;
				CLANG_WARN__DUPLICATE_METHOD_MATCH = YES;
				"CODE_SIGN_IDENTITY[sdk=iphoneos*]" = "iPhone Developer";
				COPY_PHASE_STRIP = NO;
				DEBUG_INFORMATION_FORMAT = "dwarf-with-dsym";
				ENABLE_STRICT_OBJC_MSGSEND = YES;
				GCC_C_LANGUAGE_STANDARD = gnu99;
				GCC_DYNAMIC_NO_PIC = NO;
				GCC_NO_COMMON_BLOCKS = YES;
				GCC_OPTIMIZATION_LEVEL = 0;
				GCC_PREPROCESSOR_DEFINITIONS = (
					"DEBUG=1",
					"$(inherited)",
				);
				GCC_SYMBOLS_PRIVATE_EXTERN = NO;
				GCC_WARN_64_TO_32_BIT_CONVERSION = YES;
				GCC_WARN_ABOUT_RETURN_TYPE = YES_ERROR;
				GCC_WARN_UNDECLARED_SELECTOR = YES;
				GCC_WARN_UNINITIALIZED_AUTOS = YES_AGGRESSIVE;
				GCC_WARN_UNUSED_FUNCTION = YES;
				GCC_WARN_UNUSED_VARIABLE = YES;
				IPHONEOS_DEPLOYMENT_TARGET = 8.3;
				MTL_ENABLE_DEBUG_INFO = YES;
				ONLY_ACTIVE_ARCH = YES;
				SDKROOT = iphoneos;
				TARGETED_DEVICE_FAMILY = "1,2";
			};
			name = Debug;
		};
		247B97B71BB2865600BD1052 /* Release */ = {
			isa = XCBuildConfiguration;
			buildSettings = {
				ALWAYS_SEARCH_USER_PATHS = NO;
				CLANG_CXX_LANGUAGE_STANDARD = "gnu++0x";
				CLANG_CXX_LIBRARY = "libc++";
				CLANG_ENABLE_MODULES = YES;
				CLANG_ENABLE_OBJC_ARC = YES;
				CLANG_WARN_BOOL_CONVERSION = YES;
				CLANG_WARN_CONSTANT_CONVERSION = YES;
				CLANG_WARN_DIRECT_OBJC_ISA_USAGE = YES_ERROR;
				CLANG_WARN_EMPTY_BODY = YES;
				CLANG_WARN_ENUM_CONVERSION = YES;
				CLANG_WARN_INT_CONVERSION = YES;
				CLANG_WARN_OBJC_ROOT_CLASS = YES_ERROR;
				CLANG_WARN_UNREACHABLE_CODE = YES;
				CLANG_WARN__DUPLICATE_METHOD_MATCH = YES;
				"CODE_SIGN_IDENTITY[sdk=iphoneos*]" = "iPhone Developer";
				COPY_PHASE_STRIP = NO;
				DEBUG_INFORMATION_FORMAT = "dwarf-with-dsym";
				ENABLE_NS_ASSERTIONS = NO;
				ENABLE_STRICT_OBJC_MSGSEND = YES;
				GCC_C_LANGUAGE_STANDARD = gnu99;
				GCC_NO_COMMON_BLOCKS = YES;
				GCC_WARN_64_TO_32_BIT_CONVERSION = YES;
				GCC_WARN_ABOUT_RETURN_TYPE = YES_ERROR;
				GCC_WARN_UNDECLARED_SELECTOR = YES;
				GCC_WARN_UNINITIALIZED_AUTOS = YES_AGGRESSIVE;
				GCC_WARN_UNUSED_FUNCTION = YES;
				GCC_WARN_UNUSED_VARIABLE = YES;
				IPHONEOS_DEPLOYMENT_TARGET = 8.3;
				MTL_ENABLE_DEBUG_INFO = NO;
				SDKROOT = iphoneos;
				TARGETED_DEVICE_FAMILY = "1,2";
				VALIDATE_PRODUCT = YES;
			};
			name = Release;
		};
		247B97B91BB2865600BD1052 /* Debug */ = {
			isa = XCBuildConfiguration;
			buildSettings = {
				ASSETCATALOG_COMPILER_APPICON_NAME = AppIcon;
				INFOPLIST_FILE = Doctor/Info.plist;
				LD_RUNPATH_SEARCH_PATHS = "$(inherited) @executable_path/Frameworks";
				PRODUCT_NAME = "$(TARGET_NAME)";
			};
			name = Debug;
		};
		247B97BA1BB2865600BD1052 /* Release */ = {
			isa = XCBuildConfiguration;
			buildSettings = {
				ASSETCATALOG_COMPILER_APPICON_NAME = AppIcon;
				INFOPLIST_FILE = Doctor/Info.plist;
				LD_RUNPATH_SEARCH_PATHS = "$(inherited) @executable_path/Frameworks";
				PRODUCT_NAME = "$(TARGET_NAME)";
			};
			name = Release;
		};
		247B97BC1BB2865600BD1052 /* Debug */ = {
			isa = XCBuildConfiguration;
			buildSettings = {
				BUNDLE_LOADER = "$(TEST_HOST)";
				FRAMEWORK_SEARCH_PATHS = (
					"$(SDKROOT)/Developer/Library/Frameworks",
					"$(inherited)",
				);
				GCC_PREPROCESSOR_DEFINITIONS = (
					"DEBUG=1",
					"$(inherited)",
				);
				INFOPLIST_FILE = DoctorTests/Info.plist;
				LD_RUNPATH_SEARCH_PATHS = "$(inherited) @executable_path/Frameworks @loader_path/Frameworks";
				PRODUCT_NAME = "$(TARGET_NAME)";
				TEST_HOST = "$(BUILT_PRODUCTS_DIR)/Doctor.app/Doctor";
			};
			name = Debug;
		};
		247B97BD1BB2865600BD1052 /* Release */ = {
			isa = XCBuildConfiguration;
			buildSettings = {
				BUNDLE_LOADER = "$(TEST_HOST)";
				FRAMEWORK_SEARCH_PATHS = (
					"$(SDKROOT)/Developer/Library/Frameworks",
					"$(inherited)",
				);
				INFOPLIST_FILE = DoctorTests/Info.plist;
				LD_RUNPATH_SEARCH_PATHS = "$(inherited) @executable_path/Frameworks @loader_path/Frameworks";
				PRODUCT_NAME = "$(TARGET_NAME)";
				TEST_HOST = "$(BUILT_PRODUCTS_DIR)/Doctor.app/Doctor";
			};
			name = Release;
		};
/* End XCBuildConfiguration section */

/* Begin XCConfigurationList section */
		247B97961BB2865600BD1052 /* Build configuration list for PBXProject "Doctor" */ = {
			isa = XCConfigurationList;
			buildConfigurations = (
				247B97B61BB2865600BD1052 /* Debug */,
				247B97B71BB2865600BD1052 /* Release */,
			);
			defaultConfigurationIsVisible = 0;
			defaultConfigurationName = Release;
		};
		247B97B81BB2865600BD1052 /* Build configuration list for PBXNativeTarget "Doctor" */ = {
			isa = XCConfigurationList;
			buildConfigurations = (
				247B97B91BB2865600BD1052 /* Debug */,
				247B97BA1BB2865600BD1052 /* Release */,
			);
			defaultConfigurationIsVisible = 0;
		};
		247B97BB1BB2865600BD1052 /* Build configuration list for PBXNativeTarget "DoctorTests" */ = {
			isa = XCConfigurationList;
			buildConfigurations = (
				247B97BC1BB2865600BD1052 /* Debug */,
				247B97BD1BB2865600BD1052 /* Release */,
			);
			defaultConfigurationIsVisible = 0;
		};
/* End XCConfigurationList section */
	};
	rootObject = 247B97931BB2865600BD1052 /* Project object */;
}
